
Microsoft Visual Studio Solution File, Format Version 12.00
# Visual Studio Version 17
VisualStudioVersion = 17.8.34309.116
MinimumVisualStudioVersion = 10.0.40219.1
Project("{FAE04EC0-301F-11D3-BF4B-00C04F79EFBC}") = "Rocket-MyProject", "Rocket-MyProject\Rocket-MyProject.csproj", "{BF87A7C0-959E-4F2A-87BF-0989F7604251}"
EndProject
Global
	GlobalSection(SolutionConfigurationPlatforms) = preSolution
		Debug|Any CPU = Debug|Any CPU
		Release|Any CPU = Release|Any CPU
	EndGlobalSection
	GlobalSection(ProjectConfigurationPlatforms) = postSolution
		{BF87A7C0-959E-4F2A-87BF-0989F7604251}.Debug|Any CPU.ActiveCfg = Debug|Any CPU
		{BF87A7C0-959E-4F2A-87BF-0989F7604251}.Debug|Any CPU.Build.0 = Debug|Any CPU
		{BF87A7C0-959E-4F2A-87BF-0989F7604251}.Release|Any CPU.ActiveCfg = Release|Any CPU
		{BF87A7C0-959E-4F2A-87BF-0989F7604251}.Release|Any CPU.Build.0 = Release|Any CPU
	EndGlobalSection
	GlobalSection(SolutionProperties) = preSolution
		HideSolutionNode = FALSE
	EndGlobalSection
	GlobalSection(ExtensibilityGlobals) = postSolution
		SolutionGuid = {2F0FBF3F-FD11-474B-859D-AC6E14C4E6B4}
	EndGlobalSection
EndGlobal
